# This file is automatically @generated by Poetry 1.4.2 and should not be changed by hand.

[[package]]
name = "cython"
version = "0.29.35"
description = "The Cython compiler for writing C extensions for the Python language."
category = "main"
optional = false
python-versions = ">=2.6, !=3.0.*, !=3.1.*, !=3.2.*"
files = [
    {file = "Cython-0.29.35-cp27-cp27m-manylinux_2_5_i686.manylinux1_i686.whl", hash = "sha256:fb8c11cd3e2d5ab7c2da78c5698e527ecbe469437326811562a3fbf4c5780ae4"},
    {file = "Cython-0.29.35-cp27-cp27m-manylinux_2_5_x86_64.manylinux1_x86_64.whl", hash = "sha256:9e54b4bee55fec952333126147b89c195ebe1d60e8e492ec778916ca5ca03151"},
    {file = "Cython-0.29.35-cp27-cp27mu-manylinux_2_5_i686.manylinux1_i686.whl", hash = "sha256:ba534e07543b44fb5ae37e56e61072ed1021b2d6ed643dbb92afa8239a04aa83"},
    {file = "Cython-0.29.35-cp27-cp27mu-manylinux_2_5_x86_64.manylinux1_x86_64.whl", hash = "sha256:c1d7a9ff809fa9b4a9fe04df86c9f7f574ca31c2ad896462a97ea89523db286a"},
    {file = "Cython-0.29.35-cp310-cp310-manylinux_2_17_aarch64.manylinux2014_aarch64.manylinux_2_24_aarch64.whl", hash = "sha256:247d585d8e49f002e522f3420751a4b3da0cf8532ef64d382e0bc9b4c840642c"},
    {file = "Cython-0.29.35-cp310-cp310-manylinux_2_17_x86_64.manylinux2014_x86_64.manylinux_2_24_x86_64.whl", hash = "sha256:ef2fc6f81aa8fb512535b01199fbe0d0ecafb8a29f261055e4b3f103c7bd6c75"},
    {file = "Cython-0.29.35-cp310-cp310-manylinux_2_5_i686.manylinux1_i686.manylinux_2_24_i686.whl", hash = "sha256:be7e1f98a359408186025f84d28d243e4527acb976f06b8ae8441dc5db204280"},
    {file = "Cython-0.29.35-cp310-cp310-musllinux_1_1_x86_64.whl", hash = "sha256:2e1e5d62f15ea4fa4a8bc76e4fcc2ea313a8afe70488b7b870716bcfb12b8246"},
    {file = "Cython-0.29.35-cp311-cp311-manylinux_2_17_aarch64.manylinux2014_aarch64.manylinux_2_24_aarch64.whl", hash = "sha256:75541567a2de1f893d247a7f9aa300dff5662fb33822a5fb75bc9621369b8ef0"},
    {file = "Cython-0.29.35-cp311-cp311-manylinux_2_17_x86_64.manylinux2014_x86_64.manylinux_2_24_x86_64.whl", hash = "sha256:99477c1d4a105a562c05d43cc01905b6711f0a6a558d90f20c7aee0fb23d59d5"},
    {file = "Cython-0.29.35-cp311-cp311-manylinux_2_5_i686.manylinux1_i686.manylinux_2_24_i686.whl", hash = "sha256:c44bb47b314abc743705c7d038d351ffc3a34b95ab59b04b8cb27cf781b44ae8"},
    {file = "Cython-0.29.35-cp311-cp311-musllinux_1_1_x86_64.whl", hash = "sha256:94859c3fd90767995b33d803edecad21e73749823db468d34f21e80451a11a99"},
    {file = "Cython-0.29.35-cp312-cp312-musllinux_1_1_x86_64.whl", hash = "sha256:5a47974f3ebccf25702ffdd569904f7807ea1ef0830987c133877fabefdc4bab"},
    {file = "Cython-0.29.35-cp35-cp35m-manylinux_2_5_i686.manylinux1_i686.whl", hash = "sha256:520c50d1875627c111900d7184fd658e32967a3ef807dc2fbc252e384839cbcf"},
    {file = "Cython-0.29.35-cp35-cp35m-manylinux_2_5_x86_64.manylinux1_x86_64.whl", hash = "sha256:516abc754f15b84d6a8e71c8abd90e10346ea86001563480f0be1b349d09c6b8"},
    {file = "Cython-0.29.35-cp36-cp36m-manylinux_2_17_aarch64.manylinux2014_aarch64.manylinux_2_24_aarch64.whl", hash = "sha256:c38e2c1e94b596132454b29757536d5afa810011d8bcb86918cc6693d2302940"},
    {file = "Cython-0.29.35-cp36-cp36m-manylinux_2_17_x86_64.manylinux2014_x86_64.manylinux_2_24_x86_64.whl", hash = "sha256:511f3adfb2db4db2eb882f892525db18a3a21803830474d2fa8b7a1a0f406985"},
    {file = "Cython-0.29.35-cp36-cp36m-manylinux_2_5_i686.manylinux1_i686.manylinux_2_24_i686.whl", hash = "sha256:445e092708c26b357c97b3c68ea3eab31846fc9c1360bb150225f340c20322ec"},
    {file = "Cython-0.29.35-cp36-cp36m-manylinux_2_5_i686.manylinux1_i686.whl", hash = "sha256:3da42ef5b71674e4864b6afbe1bcacba75807684e22b6337f753cf297ae4e2d2"},
    {file = "Cython-0.29.35-cp36-cp36m-manylinux_2_5_x86_64.manylinux1_x86_64.whl", hash = "sha256:db695a19968a54b9ac53048c723234b4f0db7409def0a5c5517237202e7a9b92"},
    {file = "Cython-0.29.35-cp36-cp36m-musllinux_1_1_x86_64.whl", hash = "sha256:156ae92bedcd8261b5259724e2dc4d8eb12ac29159359e34c8358b65d24430ac"},
    {file = "Cython-0.29.35-cp37-cp37m-manylinux_2_17_aarch64.manylinux2014_aarch64.manylinux_2_24_aarch64.whl", hash = "sha256:ea1c166336188630cd3e48aea4bbe06ea1bab444624e31c78973fffcae1cf708"},
    {file = "Cython-0.29.35-cp37-cp37m-manylinux_2_17_x86_64.manylinux2014_x86_64.manylinux_2_24_x86_64.whl", hash = "sha256:e7b1901b03c37a082ba405e2cf73a57091e835c7af35f664f9dd1d855a992ad5"},
    {file = "Cython-0.29.35-cp37-cp37m-manylinux_2_5_i686.manylinux1_i686.manylinux_2_24_i686.whl", hash = "sha256:27f58d0dd53a8ffb614814c725d3ee3f136e53178611f7f769ff358f69e50502"},
    {file = "Cython-0.29.35-cp37-cp37m-manylinux_2_5_i686.manylinux1_i686.whl", hash = "sha256:6c19e2ba027d2e9e2d88a08aa6007344be781ed99bc0924deb237ec52ca14c09"},
    {file = "Cython-0.29.35-cp37-cp37m-manylinux_2_5_x86_64.manylinux1_x86_64.whl", hash = "sha256:b63ea04db03190dc8b25d167598989be5c1fe9fc3121d7802c0aafc8a4ec383f"},
    {file = "Cython-0.29.35-cp37-cp37m-musllinux_1_1_x86_64.whl", hash = "sha256:5cdd65f7d85e15f1662c75d85d837c20d5c68acdd1029bfd08fb44c4422d7d9b"},
    {file = "Cython-0.29.35-cp38-cp38-manylinux_2_17_aarch64.manylinux2014_aarch64.manylinux_2_24_aarch64.whl", hash = "sha256:c17c876db737e1183d18d23db9cc31a9f565c113a32523c672af72f6497e382f"},
    {file = "Cython-0.29.35-cp38-cp38-manylinux_2_17_x86_64.manylinux2014_x86_64.manylinux_2_24_x86_64.whl", hash = "sha256:2a2f2fb9b1c0a4a3890713127fba55a38d2cf1619b2570c43c92a93fee80111a"},
    {file = "Cython-0.29.35-cp38-cp38-manylinux_2_5_i686.manylinux1_i686.manylinux_2_24_i686.whl", hash = "sha256:a1ad51612ff6cfe05cd58f584f01373d64906bb0c860a067c6441359ff10464f"},
    {file = "Cython-0.29.35-cp38-cp38-manylinux_2_5_i686.manylinux1_i686.whl", hash = "sha256:3cd717eee52072be8244bb07f0e4126f893214d2dfd1ba8b38b533e1ffec4f8a"},
    {file = "Cython-0.29.35-cp38-cp38-manylinux_2_5_x86_64.manylinux1_x86_64.whl", hash = "sha256:acab11c834cbe8fb7b71f9f7b4c4655afd82ffadb1be93d5354a67702fcee69d"},
    {file = "Cython-0.29.35-cp38-cp38-musllinux_1_1_x86_64.whl", hash = "sha256:8841158f274896702afe732571d37be22868a301275f952f6280547b25280538"},
    {file = "Cython-0.29.35-cp39-cp39-manylinux_2_17_aarch64.manylinux2014_aarch64.manylinux_2_24_aarch64.whl", hash = "sha256:0a9334d137bd42fca34b6b413063e19c194ba760846f34804ea1fb477cbe9a88"},
    {file = "Cython-0.29.35-cp39-cp39-manylinux_2_17_x86_64.manylinux2014_x86_64.manylinux_2_24_x86_64.whl", hash = "sha256:c4cd7de707938b8385cd1f88e1446228fbfe09af7822fa13877a4374c4881198"},
    {file = "Cython-0.29.35-cp39-cp39-manylinux_2_5_i686.manylinux1_i686.manylinux_2_24_i686.whl", hash = "sha256:05b7ede0b0eb1c6b9bd748fa67c5ebf3c3560d04d7c8a1486183ddd099de5a00"},
    {file = "Cython-0.29.35-cp39-cp39-manylinux_2_5_i686.manylinux1_i686.whl", hash = "sha256:537bc1e0ed9bf7289c80f39a9a9359f5649068647631996313f77ba57afde40b"},
    {file = "Cython-0.29.35-cp39-cp39-manylinux_2_5_x86_64.manylinux1_x86_64.whl", hash = "sha256:402307ad6fd209816cf539680035ef79cce171288cb98f81f3f11ea8ef3afd99"},
    {file = "Cython-0.29.35-cp39-cp39-musllinux_1_1_x86_64.whl", hash = "sha256:563a02ea675ed6321d6257df067c89f17b89a63487ef8b9ce0d598e88e7ff0bd"},
    {file = "Cython-0.29.35-py2.py3-none-any.whl", hash = "sha256:417703dc67c447089258ab4b3d217f9c03894574e4a0d6c50648a208bc8352bb"},
    {file = "Cython-0.29.35.tar.gz", hash = "sha256:6e381fa0bf08b3c26ec2f616b19ae852c06f5750f4290118bf986b6f85c8c527"},
]

[[package]]
name = "pillow"
version = "10.0.0"
description = "Python Imaging Library (Fork)"
category = "main"
optional = false
python-versions = ">=3.8"
files = [
    {file = "Pillow-10.0.0-cp310-cp310-macosx_10_10_x86_64.whl", hash = "sha256:1f62406a884ae75fb2f818694469519fb685cc7eaff05d3451a9ebe55c646891"},
    {file = "Pillow-10.0.0-cp310-cp310-macosx_11_0_arm64.whl", hash = "sha256:d5db32e2a6ccbb3d34d87c87b432959e0db29755727afb37290e10f6e8e62614"},
    {file = "Pillow-10.0.0-cp310-cp310-manylinux_2_17_aarch64.manylinux2014_aarch64.whl", hash = "sha256:edf4392b77bdc81f36e92d3a07a5cd072f90253197f4a52a55a8cec48a12483b"},
    {file = "Pillow-10.0.0-cp310-cp310-manylinux_2_17_x86_64.manylinux2014_x86_64.whl", hash = "sha256:520f2a520dc040512699f20fa1c363eed506e94248d71f85412b625026f6142c"},
    {file = "Pillow-10.0.0-cp310-cp310-manylinux_2_28_aarch64.whl", hash = "sha256:8c11160913e3dd06c8ffdb5f233a4f254cb449f4dfc0f8f4549eda9e542c93d1"},
    {file = "Pillow-10.0.0-cp310-cp310-manylinux_2_28_x86_64.whl", hash = "sha256:a74ba0c356aaa3bb8e3eb79606a87669e7ec6444be352870623025d75a14a2bf"},
    {file = "Pillow-10.0.0-cp310-cp310-musllinux_1_1_aarch64.whl", hash = "sha256:d5d0dae4cfd56969d23d94dc8e89fb6a217be461c69090768227beb8ed28c0a3"},
    {file = "Pillow-10.0.0-cp310-cp310-musllinux_1_1_x86_64.whl", hash = "sha256:22c10cc517668d44b211717fd9775799ccec4124b9a7f7b3635fc5386e584992"},
    {file = "Pillow-10.0.0-cp310-cp310-win_amd64.whl", hash = "sha256:dffe31a7f47b603318c609f378ebcd57f1554a3a6a8effbc59c3c69f804296de"},
    {file = "Pillow-10.0.0-cp311-cp311-macosx_10_10_x86_64.whl", hash = "sha256:9fb218c8a12e51d7ead2a7c9e101a04982237d4855716af2e9499306728fb485"},
    {file = "Pillow-10.0.0-cp311-cp311-macosx_11_0_arm64.whl", hash = "sha256:d35e3c8d9b1268cbf5d3670285feb3528f6680420eafe35cccc686b73c1e330f"},
    {file = "Pillow-10.0.0-cp311-cp311-manylinux_2_17_aarch64.manylinux2014_aarch64.whl", hash = "sha256:3ed64f9ca2f0a95411e88a4efbd7a29e5ce2cea36072c53dd9d26d9c76f753b3"},
    {file = "Pillow-10.0.0-cp311-cp311-manylinux_2_17_x86_64.manylinux2014_x86_64.whl", hash = "sha256:0b6eb5502f45a60a3f411c63187db83a3d3107887ad0d036c13ce836f8a36f1d"},
    {file = "Pillow-10.0.0-cp311-cp311-manylinux_2_28_aarch64.whl", hash = "sha256:c1fbe7621c167ecaa38ad29643d77a9ce7311583761abf7836e1510c580bf3dd"},
    {file = "Pillow-10.0.0-cp311-cp311-manylinux_2_28_x86_64.whl", hash = "sha256:cd25d2a9d2b36fcb318882481367956d2cf91329f6892fe5d385c346c0649629"},
    {file = "Pillow-10.0.0-cp311-cp311-musllinux_1_1_aarch64.whl", hash = "sha256:3b08d4cc24f471b2c8ca24ec060abf4bebc6b144cb89cba638c720546b1cf538"},
    {file = "Pillow-10.0.0-cp311-cp311-musllinux_1_1_x86_64.whl", hash = "sha256:d737a602fbd82afd892ca746392401b634e278cb65d55c4b7a8f48e9ef8d008d"},
    {file = "Pillow-10.0.0-cp311-cp311-win_amd64.whl", hash = "sha256:3a82c40d706d9aa9734289740ce26460a11aeec2d9c79b7af87bb35f0073c12f"},
    {file = "Pillow-10.0.0-cp312-cp312-macosx_10_10_x86_64.whl", hash = "sha256:d80cf684b541685fccdd84c485b31ce73fc5c9b5d7523bf1394ce134a60c6883"},
    {file = "Pillow-10.0.0-cp312-cp312-macosx_11_0_arm64.whl", hash = "sha256:76de421f9c326da8f43d690110f0e79fe3ad1e54be811545d7d91898b4c8493e"},
    {file = "Pillow-10.0.0-cp312-cp312-manylinux_2_17_aarch64.manylinux2014_aarch64.whl", hash = "sha256:81ff539a12457809666fef6624684c008e00ff6bf455b4b89fd00a140eecd640"},
    {file = "Pillow-10.0.0-cp312-cp312-manylinux_2_17_x86_64.manylinux2014_x86_64.whl", hash = "sha256:ce543ed15570eedbb85df19b0a1a7314a9c8141a36ce089c0a894adbfccb4568"},
    {file = "Pillow-10.0.0-cp312-cp312-manylinux_2_28_aarch64.whl", hash = "sha256:685ac03cc4ed5ebc15ad5c23bc555d68a87777586d970c2c3e216619a5476223"},
    {file = "Pillow-10.0.0-cp312-cp312-manylinux_2_28_x86_64.whl", hash = "sha256:d72e2ecc68a942e8cf9739619b7f408cc7b272b279b56b2c83c6123fcfa5cdff"},
    {file = "Pillow-10.0.0-cp312-cp312-musllinux_1_1_aarch64.whl", hash = "sha256:d50b6aec14bc737742ca96e85d6d0a5f9bfbded018264b3b70ff9d8c33485551"},
    {file = "Pillow-10.0.0-cp312-cp312-musllinux_1_1_x86_64.whl", hash = "sha256:00e65f5e822decd501e374b0650146063fbb30a7264b4d2744bdd7b913e0cab5"},
    {file = "Pillow-10.0.0-cp312-cp312-win_amd64.whl", hash = "sha256:f31f9fdbfecb042d046f9d91270a0ba28368a723302786c0009ee9b9f1f60199"},
    {file = "Pillow-10.0.0-cp38-cp38-macosx_10_10_x86_64.whl", hash = "sha256:349930d6e9c685c089284b013478d6f76e3a534e36ddfa912cde493f235372f3"},
    {file = "Pillow-10.0.0-cp38-cp38-macosx_11_0_arm64.whl", hash = "sha256:3a684105f7c32488f7153905a4e3015a3b6c7182e106fe3c37fbb5ef3e6994c3"},
    {file = "Pillow-10.0.0-cp38-cp38-manylinux_2_17_aarch64.manylinux2014_aarch64.whl", hash = "sha256:b4f69b3700201b80bb82c3a97d5e9254084f6dd5fb5b16fc1a7b974260f89f43"},
    {file = "Pillow-10.0.0-cp38-cp38-manylinux_2_17_x86_64.manylinux2014_x86_64.whl", hash = "sha256:3f07ea8d2f827d7d2a49ecf1639ec02d75ffd1b88dcc5b3a61bbb37a8759ad8d"},
    {file = "Pillow-10.0.0-cp38-cp38-manylinux_2_28_aarch64.whl", hash = "sha256:040586f7d37b34547153fa383f7f9aed68b738992380ac911447bb78f2abe530"},
    {file = "Pillow-10.0.0-cp38-cp38-manylinux_2_28_x86_64.whl", hash = "sha256:f88a0b92277de8e3ca715a0d79d68dc82807457dae3ab8699c758f07c20b3c51"},
    {file = "Pillow-10.0.0-cp38-cp38-musllinux_1_1_aarch64.whl", hash = "sha256:c7cf14a27b0d6adfaebb3ae4153f1e516df54e47e42dcc073d7b3d76111a8d86"},
    {file = "Pillow-10.0.0-cp38-cp38-musllinux_1_1_x86_64.whl", hash = "sha256:3400aae60685b06bb96f99a21e1ada7bc7a413d5f49bce739828ecd9391bb8f7"},
    {file = "Pillow-10.0.0-cp38-cp38-win_amd64.whl", hash = "sha256:dbc02381779d412145331789b40cc7b11fdf449e5d94f6bc0b080db0a56ea3f0"},
    {file = "Pillow-10.0.0-cp39-cp39-macosx_10_10_x86_64.whl", hash = "sha256:9211e7ad69d7c9401cfc0e23d49b69ca65ddd898976d660a2fa5904e3d7a9baa"},
    {file = "Pillow-10.0.0-cp39-cp39-macosx_11_0_arm64.whl", hash = "sha256:faaf07ea35355b01a35cb442dd950d8f1bb5b040a7787791a535de13db15ed90"},
    {file = "Pillow-10.0.0-cp39-cp39-manylinux_2_17_aarch64.manylinux2014_aarch64.whl", hash = "sha256:c9f72a021fbb792ce98306ffb0c348b3c9cb967dce0f12a49aa4c3d3fdefa967"},
    {file = "Pillow-10.0.0-cp39-cp39-manylinux_2_17_x86_64.manylinux2014_x86_64.whl", hash = "sha256:9f7c16705f44e0504a3a2a14197c1f0b32a95731d251777dcb060aa83022cb2d"},
    {file = "Pillow-10.0.0-cp39-cp39-manylinux_2_28_aarch64.whl", hash = "sha256:76edb0a1fa2b4745fb0c99fb9fb98f8b180a1bbceb8be49b087e0b21867e77d3"},
    {file = "Pillow-10.0.0-cp39-cp39-manylinux_2_28_x86_64.whl", hash = "sha256:368ab3dfb5f49e312231b6f27b8820c823652b7cd29cfbd34090565a015e99ba"},
    {file = "Pillow-10.0.0-cp39-cp39-musllinux_1_1_aarch64.whl", hash = "sha256:608bfdee0d57cf297d32bcbb3c728dc1da0907519d1784962c5f0c68bb93e5a3"},
    {file = "Pillow-10.0.0-cp39-cp39-musllinux_1_1_x86_64.whl", hash = "sha256:5c6e3df6bdd396749bafd45314871b3d0af81ff935b2d188385e970052091017"},
    {file = "Pillow-10.0.0-cp39-cp39-win_amd64.whl", hash = "sha256:7be600823e4c8631b74e4a0d38384c73f680e6105a7d3c6824fcf226c178c7e6"},
    {file = "Pillow-10.0.0-pp310-pypy310_pp73-macosx_10_10_x86_64.whl", hash = "sha256:92be919bbc9f7d09f7ae343c38f5bb21c973d2576c1d45600fce4b74bafa7ac0"},
    {file = "Pillow-10.0.0-pp310-pypy310_pp73-manylinux_2_17_x86_64.manylinux2014_x86_64.whl", hash = "sha256:8f8182b523b2289f7c415f589118228d30ac8c355baa2f3194ced084dac2dbba"},
    {file = "Pillow-10.0.0-pp310-pypy310_pp73-manylinux_2_28_x86_64.whl", hash = "sha256:38250a349b6b390ee6047a62c086d3817ac69022c127f8a5dc058c31ccef17f3"},
    {file = "Pillow-10.0.0-pp310-pypy310_pp73-win_amd64.whl", hash = "sha256:88af2003543cc40c80f6fca01411892ec52b11021b3dc22ec3bc9d5afd1c5334"},
    {file = "Pillow-10.0.0-pp39-pypy39_pp73-macosx_10_10_x86_64.whl", hash = "sha256:c189af0545965fa8d3b9613cfdb0cd37f9d71349e0f7750e1fd704648d475ed2"},
    {file = "Pillow-10.0.0-pp39-pypy39_pp73-manylinux_2_17_x86_64.manylinux2014_x86_64.whl", hash = "sha256:ce7b031a6fc11365970e6a5686d7ba8c63e4c1cf1ea143811acbb524295eabed"},
    {file = "Pillow-10.0.0-pp39-pypy39_pp73-manylinux_2_28_x86_64.whl", hash = "sha256:db24668940f82321e746773a4bc617bfac06ec831e5c88b643f91f122a785684"},
    {file = "Pillow-10.0.0-pp39-pypy39_pp73-win_amd64.whl", hash = "sha256:efe8c0681042536e0d06c11f48cebe759707c9e9abf880ee213541c5b46c5bf3"},
    {file = "Pillow-10.0.0.tar.gz", hash = "sha256:9c82b5b3e043c7af0d95792d0d20ccf68f61a1fec6b3530e718b688422727396"},
]

[package.extras]
docs = ["furo", "olefile", "sphinx (>=2.4)", "sphinx-copybutton", "sphinx-inline-tabs", "sphinx-removed-in", "sphinxext-opengraph"]
tests = ["check-manifest", "coverage", "defusedxml", "markdown2", "olefile", "packaging", "pyroma", "pytest", "pytest-cov", "pytest-timeout"]

[[package]]
name = "pyobjc-core"
version = "9.2"
description = "Python<->ObjC Interoperability Module"
category = "main"
optional = false
python-versions = ">=3.7"
files = [
    {file = "pyobjc-core-9.2.tar.gz", hash = "sha256:d734b9291fec91ff4e3ae38b9c6839debf02b79c07314476e87da8e90b2c68c3"},
    {file = "pyobjc_core-9.2-cp310-cp310-macosx_10_9_universal2.whl", hash = "sha256:fa674a39949f5cde8e5c7bbcd24496446bfc67592b028aedbec7f81dc5fc4daa"},
    {file = "pyobjc_core-9.2-cp311-cp311-macosx_10_9_universal2.whl", hash = "sha256:bbc8de304ee322a1ee530b4d2daca135a49b4a49aa3cedc6b2c26c43885f4842"},
    {file = "pyobjc_core-9.2-cp312-cp312-macosx_10_9_universal2.whl", hash = "sha256:0fa950f092673883b8bd28bc18397415cabb457bf410920762109b411789ade9"},
    {file = "pyobjc_core-9.2-cp37-cp37m-macosx_10_9_x86_64.whl", hash = "sha256:586e4cae966282eaa61b21cae66ccdcee9d69c036979def26eebdc08ddebe20f"},
    {file = "pyobjc_core-9.2-cp38-cp38-macosx_10_9_x86_64.whl", hash = "sha256:41189c2c680931c0395a55691763c481fc681f454f21bb4f1644f98c24a45954"},
    {file = "pyobjc_core-9.2-cp38-cp38-macosx_11_0_universal2.whl", hash = "sha256:2d23ee539f2ba5e9f5653d75a13f575c7e36586fc0086792739e69e4c2617eda"},
    {file = "pyobjc_core-9.2-cp39-cp39-macosx_10_9_universal2.whl", hash = "sha256:b9809cf96678797acb72a758f34932fe8e2602d5ab7abec15c5ac68ddb481720"},
]

[[package]]
name = "pyobjc-framework-cocoa"
version = "9.2"
description = "Wrappers for the Cocoa frameworks on macOS"
category = "main"
optional = false
python-versions = ">=3.7"
files = [
    {file = "pyobjc-framework-Cocoa-9.2.tar.gz", hash = "sha256:efd78080872d8c8de6c2b97e0e4eac99d6203a5d1637aa135d071d464eb2db53"},
    {file = "pyobjc_framework_Cocoa-9.2-cp310-cp310-macosx_10_9_universal2.whl", hash = "sha256:9e02d8a7cc4eb7685377c50ba4f17345701acf4c05b1e7480d421bff9e2f62a4"},
    {file = "pyobjc_framework_Cocoa-9.2-cp311-cp311-macosx_10_9_universal2.whl", hash = "sha256:3b1e6287b3149e4c6679cdbccd8e9ef6557a4e492a892e80a77df143f40026d2"},
    {file = "pyobjc_framework_Cocoa-9.2-cp312-cp312-macosx_10_9_universal2.whl", hash = "sha256:312977ce2e3989073c6b324c69ba24283de206fe7acd6dbbbaf3e29238a22537"},
    {file = "pyobjc_framework_Cocoa-9.2-cp37-cp37m-macosx_10_9_x86_64.whl", hash = "sha256:aae7841cf40c26dd915f4dd828f91c6616e6b7998630b72e704750c09e00f334"},
    {file = "pyobjc_framework_Cocoa-9.2-cp38-cp38-macosx_10_9_x86_64.whl", hash = "sha256:739a421e14382a46cbeb9a883f192dceff368ad28ec34d895c48c0ad34cf2c1d"},
    {file = "pyobjc_framework_Cocoa-9.2-cp38-cp38-macosx_11_0_universal2.whl", hash = "sha256:32d9ac1033fac1b821ddee8c68f972a7074ad8c50bec0bea9a719034c1c2fb94"},
    {file = "pyobjc_framework_Cocoa-9.2-cp39-cp39-macosx_10_9_universal2.whl", hash = "sha256:b236bb965e41aeb2e215d4e98a5a230d4b63252c6d26e00924ea2e69540a59d6"},
]

[package.dependencies]
pyobjc-core = ">=9.2"

[[package]]
name = "screeninfo"
version = "0.8.1"
description = "Fetch location and size of physical screens."
category = "main"
optional = false
python-versions = ">=3.6.2,<4.0.0"
files = [
    {file = "screeninfo-0.8.1-py3-none-any.whl", hash = "sha256:e97d6b173856edcfa3bd282f81deb528188aff14b11ec3e195584e7641be733c"},
    {file = "screeninfo-0.8.1.tar.gz", hash = "sha256:9983076bcc7e34402a1a9e4d7dabf3729411fd2abb3f3b4be7eba73519cd2ed1"},
]

[package.dependencies]
Cython = {version = "*", markers = "sys_platform == \"darwin\""}
pyobjc-framework-Cocoa = {version = "*", markers = "sys_platform == \"darwin\""}

[[package]]
name = "ttkbootstrap"
version = "1.10.1"
description = "A supercharged theme extension for tkinter that enables on-demand modern flat style themes inspired by Bootstrap."
category = "main"
optional = false
python-versions = ">=3.7"
files = [
    {file = "ttkbootstrap-1.10.1-py3-none-any.whl", hash = "sha256:c6a10ee5ea64051a0f8b75c20ef8e5f2417c62b4d0858c831683d4f2135aa573"},
    {file = "ttkbootstrap-1.10.1.tar.gz", hash = "sha256:53925525c4104f9e345627500dced2d0392ad74324b2a81467aaee3ffbe1a474"},
]

[package.dependencies]
pillow = ">=8.2.0"

[metadata]
lock-version = "2.0"
python-versions = "^3.11"
content-hash = "144c96b3737714894ca0862378e06676bc05f836f163554fc28f1cd97fcc8864"
